lockfileVersion: 5.4

specifiers:
  '@4lch4/logger': ^1.9.2
  '@4lch4/lt-commander': ^0.7.4
  '@stdlib/string-replace': ^0.0.11
  '@types/figlet': ^1.5.4
  '@types/fs-extra': ^9.0.13
  '@types/inquirer': ^9.0.0
  '@types/node': ^16.11.45
  ansi-colors: ^4.1.3
  chalk: ^5.0.1
  commander: ^9.4.0
  cosmiconfig: ^7.0.1
  dayjs: ^1.11.4
  figlet: ^1.5.2
  fs-extra: ^10.1.0
  inquirer: ^9.0.2
  ora: ^6.1.2
  prettier: ^2.7.1
  typescript: ^4.7.4

dependencies:
  '@4lch4/logger': 1.9.2
  '@4lch4/lt-commander': 0.7.4
  '@stdlib/string-replace': 0.0.11
  ansi-colors: 4.1.3
  chalk: 5.0.1
  commander: 9.4.0
  cosmiconfig: 7.0.1
  dayjs: 1.11.4
  figlet: 1.5.2
  fs-extra: 10.1.0
  inquirer: 9.1.0
  ora: 6.1.2

devDependencies:
  '@types/figlet': 1.5.4
  '@types/fs-extra': 9.0.13
  '@types/inquirer': 9.0.0
  '@types/node': 16.11.47
  prettier: 2.7.1
  typescript: 4.7.4

packages:

  /@4lch4/logger/1.9.2:
    resolution: {integrity: sha512-9sBU/B6MGXVQ83vFM+zbHe/tB+jiY0nUyBvBFb2sb4fBpEhF1FXSyyeXmKNai8ENT5tfwmwHNLfSnTOcTJmVDw==}
    dependencies:
      chalk: 4.1.2
      dayjs: 1.11.4
      fs-extra: 10.1.0
    dev: false

  /@4lch4/lt-commander/0.7.4:
    resolution: {integrity: sha512-qQG1n0Vvykk5jjFB8ilC5XAwANR3wbZrGwQkICOuHbeUmuU79NwZoW1dJrhWZtoRhm5HwZ7ZVcsGO+z5CH9tBA==}
    dependencies:
      '@4lch4/logger': 1.9.2
      chalk: 5.0.1
      commander: 9.4.0
      configstore: 6.0.0
      cosmiconfig: 7.0.1
      dayjs: 1.11.4
      figlet: 1.5.2
      fs-extra: 10.1.0
      inquirer: 9.1.0
      ora: 6.1.2
    dev: false

  /@babel/code-frame/7.18.6:
    resolution: {integrity: sha512-TDCmlK5eOvH+eH7cdAFlNXeVJqWIQ7gW9tY1GJIpUtFb6CmjVyq2VM3u71bOyR8CRihcCgMUYoDNyLXao3+70Q==}
    engines: {node: '>=6.9.0'}
    dependencies:
      '@babel/highlight': 7.18.6
    dev: false

  /@babel/helper-validator-identifier/7.18.6:
    resolution: {integrity: sha512-MmetCkz9ej86nJQV+sFCxoGGrUbU3q02kgLciwkrt9QqEB7cP39oKEY0PakknEO0Gu20SskMRi+AYZ3b1TpN9g==}
    engines: {node: '>=6.9.0'}
    dev: false

  /@babel/highlight/7.18.6:
    resolution: {integrity: sha512-u7stbOuYjaPezCuLj29hNW1v64M2Md2qupEKP1fHc7WdOA3DgLh37suiSrZYY7haUB7iBeQZ9P1uiRF359do3g==}
    engines: {node: '>=6.9.0'}
    dependencies:
      '@babel/helper-validator-identifier': 7.18.6
      chalk: 2.4.2
      js-tokens: 4.0.0
    dev: false

  /@stdlib/assert-has-node-buffer-support/0.0.8:
    resolution: {integrity: sha512-fgI+hW4Yg4ciiv4xVKH+1rzdV7e5+6UKgMnFbc1XDXHcxLub3vOr8+H6eDECdAIfgYNA7X0Dxa/DgvX9dwDTAQ==}
    engines: {node: '>=0.10.0', npm: '>2.7.0'}
    os: [aix, darwin, freebsd, linux, macos, openbsd, sunos, win32, windows]
    hasBin: true
    dependencies:
      '@stdlib/assert-is-buffer': 0.0.8
      '@stdlib/cli-ctor': 0.0.3
      '@stdlib/fs-read-file': 0.0.8
    dev: false

  /@stdlib/assert-has-own-property/0.0.7:
    resolution: {integrity: sha512-3YHwSWiUqGlTLSwxAWxrqaD1PkgcJniGyotJeIt5X0tSNmSW0/c9RWroCImTUUB3zBkyBJ79MyU9Nf4Qgm59fQ==}
    engines: {node: '>=0.10.0', npm: '>2.7.0'}
    os: [aix, darwin, freebsd, linux, macos, openbsd, sunos, win32, windows]
    dev: false

  /@stdlib/assert-has-symbol-support/0.0.8:
    resolution: {integrity: sha512-PoQ9rk8DgDCuBEkOIzGGQmSnjtcdagnUIviaP5YskB45/TJHXseh4NASWME8FV77WFW9v/Wt1MzKFKMzpDFu4Q==}
    engines: {node: '>=0.10.0', npm: '>2.7.0'}
    os: [aix, darwin, freebsd, linux, macos, openbsd, sunos, win32, windows]
    hasBin: true
    dependencies:
      '@stdlib/cli-ctor': 0.0.3
      '@stdlib/fs-read-file': 0.0.8
    dev: false

  /@stdlib/assert-has-tostringtag-support/0.0.9:
    resolution: {integrity: sha512-UTsqdkrnQ7eufuH5BeyWOJL3ska3u5nvDWKqw3onNNZ2mvdgkfoFD7wHutVGzAA2rkTsSJAMBHVwWLsm5SbKgw==}
    engines: {node: '>=0.10.0', npm: '>2.7.0'}
    os: [aix, darwin, freebsd, linux, macos, openbsd, sunos, win32, windows]
    hasBin: true
    dependencies:
      '@stdlib/assert-has-symbol-support': 0.0.8
      '@stdlib/cli-ctor': 0.0.3
      '@stdlib/fs-read-file': 0.0.8
    dev: false

  /@stdlib/assert-is-array/0.0.7:
    resolution: {integrity: sha512-/o6KclsGkNcZ5hiROarsD9XUs6xQMb4lTwF6O71UHbKWTtomEF/jD0rxLvlvj0BiCxfKrReddEYd2CnhUyskMA==}
    engines: {node: '>=0.10.0', npm: '>2.7.0'}
    os: [aix, darwin, freebsd, linux, macos, openbsd, sunos, win32, windows]
    dependencies:
      '@stdlib/utils-native-class': 0.0.8
    dev: false

  /@stdlib/assert-is-boolean/0.0.8:
    resolution: {integrity: sha512-PRCpslMXSYqFMz1Yh4dG2K/WzqxTCtlKbgJQD2cIkAtXux4JbYiXCtepuoV7l4Wv1rm0a1eU8EqNPgnOmWajGw==}
    engines: {node: '>=0.10.0', npm: '>2.7.0'}
    os: [aix, darwin, freebsd, linux, macos, openbsd, sunos, win32, windows]
    dependencies:
      '@stdlib/assert-has-tostringtag-support': 0.0.9
      '@stdlib/utils-define-nonenumerable-read-only-property': 0.0.7
      '@stdlib/utils-native-class': 0.0.8
    dev: false

  /@stdlib/assert-is-buffer/0.0.8:
    resolution: {integrity: sha512-SYmGwOXkzZVidqUyY1IIx6V6QnSL36v3Lcwj8Rvne/fuW0bU2OomsEBzYCFMvcNgtY71vOvgZ9VfH3OppvV6eA==}
    engines: {node: '>=0.10.0', npm: '>2.7.0'}
    os: [aix, darwin, freebsd, linux, macos, openbsd, sunos, win32, windows]
    dependencies:
      '@stdlib/assert-is-object-like': 0.0.8
    dev: false

  /@stdlib/assert-is-function/0.0.8:
    resolution: {integrity: sha512-M55Dt2njp5tnY8oePdbkKBRIypny+LpCMFZhEjJIxjLE4rA6zSlHs1yRMqD4PmW+Wl9WTeEM1GYO4AQHl1HAjA==}
    engines: {node: '>=0.10.0', npm: '>2.7.0'}
    os: [aix, darwin, freebsd, linux, macos, openbsd, sunos, win32, windows]
    dependencies:
      '@stdlib/utils-type-of': 0.0.8
    dev: false

  /@stdlib/assert-is-object-like/0.0.8:
    resolution: {integrity: sha512-pe9selDPYAu/lYTFV5Rj4BStepgbzQCr36b/eC8EGSJh6gMgRXgHVv0R+EbdJ69KNkHvKKRjnWj0A/EmCwW+OA==}
    engines: {node: '>=0.10.0', npm: '>2.7.0'}
    os: [aix, darwin, freebsd, linux, macos, openbsd, sunos, win32, windows]
    dependencies:
      '@stdlib/assert-tools-array-function': 0.0.7
      '@stdlib/utils-define-nonenumerable-read-only-property': 0.0.7
    dev: false

  /@stdlib/assert-is-object/0.0.8:
    resolution: {integrity: sha512-ooPfXDp9c7w+GSqD2NBaZ/Du1JRJlctv+Abj2vRJDcDPyrnRTb1jmw+AuPgcW7Ca7op39JTbArI+RVHm/FPK+Q==}
    engines: {node: '>=0.10.0', npm: '>2.7.0'}
    os: [aix, darwin, freebsd, linux, macos, openbsd, sunos, win32, windows]
    dependencies:
      '@stdlib/assert-is-array': 0.0.7
    dev: false

  /@stdlib/assert-is-plain-object/0.0.7:
    resolution: {integrity: sha512-t/CEq2a083ajAgXgSa5tsH8l3kSoEqKRu1qUwniVLFYL4RGv3615CrpJUDQKVtEX5S/OKww5q0Byu3JidJ4C5w==}
    engines: {node: '>=0.10.0', npm: '>2.7.0'}
    os: [aix, darwin, freebsd, linux, macos, openbsd, sunos, win32, windows]
    dependencies:
      '@stdlib/assert-has-own-property': 0.0.7
      '@stdlib/assert-is-function': 0.0.8
      '@stdlib/assert-is-object': 0.0.8
      '@stdlib/utils-get-prototype-of': 0.0.7
      '@stdlib/utils-native-class': 0.0.8
    dev: false

  /@stdlib/assert-is-regexp-string/0.0.9:
    resolution: {integrity: sha512-FYRJJtH7XwXEf//X6UByUC0Eqd0ZYK5AC8or5g5m5efQrgr2lOaONHyDQ3Scj1A2D6QLIJKZc9XBM4uq5nOPXA==}
    engines: {node: '>=0.10.0', npm: '>2.7.0'}
    os: [aix, darwin, freebsd, linux, macos, openbsd, sunos, win32, windows]
    hasBin: true
    dependencies:
      '@stdlib/assert-is-string': 0.0.8
      '@stdlib/cli-ctor': 0.0.3
      '@stdlib/fs-read-file': 0.0.8
      '@stdlib/process-read-stdin': 0.0.7
      '@stdlib/regexp-eol': 0.0.7
      '@stdlib/regexp-regexp': 0.0.8
      '@stdlib/streams-node-stdin': 0.0.7
    dev: false

  /@stdlib/assert-is-regexp/0.0.7:
    resolution: {integrity: sha512-ty5qvLiqkDq6AibHlNJe0ZxDJ9Mg896qolmcHb69mzp64vrsORnPPOTzVapAq0bEUZbXoypeijypLPs9sCGBSQ==}
    engines: {node: '>=0.10.0', npm: '>2.7.0'}
    os: [aix, darwin, freebsd, linux, macos, openbsd, sunos, win32, windows]
    dependencies:
      '@stdlib/assert-has-tostringtag-support': 0.0.9
      '@stdlib/utils-native-class': 0.0.8
    dev: false

  /@stdlib/assert-is-string/0.0.8:
    resolution: {integrity: sha512-Uk+bR4cglGBbY0q7O7HimEJiW/DWnO1tSzr4iAGMxYgf+VM2PMYgI5e0TLy9jOSOzWon3YS39lc63eR3a9KqeQ==}
    engines: {node: '>=0.10.0', npm: '>2.7.0'}
    os: [aix, darwin, freebsd, linux, macos, openbsd, sunos, win32, windows]
    dependencies:
      '@stdlib/assert-has-tostringtag-support': 0.0.9
      '@stdlib/utils-define-nonenumerable-read-only-property': 0.0.7
      '@stdlib/utils-native-class': 0.0.8
    dev: false

  /@stdlib/assert-tools-array-function/0.0.7:
    resolution: {integrity: sha512-3lqkaCIBMSJ/IBHHk4NcCnk2NYU52tmwTYbbqhAmv7vim8rZPNmGfj3oWkzrCsyCsyTF7ooD+In2x+qTmUbCtQ==}
    engines: {node: '>=0.10.0', npm: '>2.7.0'}
    os: [aix, darwin, freebsd, linux, macos, openbsd, sunos, win32, windows]
    dependencies:
      '@stdlib/assert-is-array': 0.0.7
    dev: false

  /@stdlib/buffer-ctor/0.0.7:
    resolution: {integrity: sha512-4IyTSGijKUQ8+DYRaKnepf9spvKLZ+nrmZ+JrRcB3FrdTX/l9JDpggcUcC/Fe+A4KIZOnClfxLn6zfIlkCZHNA==}
    engines: {node: '>=0.10.0', npm: '>2.7.0'}
    os: [aix, darwin, freebsd, linux, macos, openbsd, sunos, win32, windows]
    dependencies:
      '@stdlib/assert-has-node-buffer-support': 0.0.8
    dev: false

  /@stdlib/buffer-from-string/0.0.8:
    resolution: {integrity: sha512-Dws5ZbK2M9l4Bkn/ODHFm3lNZ8tWko+NYXqGS/UH/RIQv3PGp+1tXFUSvjwjDneM6ppjQVExzVedUH1ftABs9A==}
    engines: {node: '>=0.10.0', npm: '>2.7.0'}
    os: [aix, darwin, freebsd, linux, macos, openbsd, sunos, win32, windows]
    dependencies:
      '@stdlib/assert-is-function': 0.0.8
      '@stdlib/assert-is-string': 0.0.8
      '@stdlib/buffer-ctor': 0.0.7
      '@stdlib/string-format': 0.0.3
    dev: false

  /@stdlib/cli-ctor/0.0.3:
    resolution: {integrity: sha512-0zCuZnzFyxj66GoF8AyIOhTX5/mgGczFvr6T9h4mXwegMZp8jBC/ZkOGMwmp+ODLBTvlcnnDNpNFkDDyR6/c2g==}
    engines: {node: '>=0.10.0', npm: '>2.7.0'}
    os: [aix, darwin, freebsd, linux, macos, openbsd, sunos, win32, windows]
    dependencies:
      '@stdlib/utils-define-nonenumerable-read-only-property': 0.0.7
      '@stdlib/utils-noop': 0.0.13
      minimist: 1.2.6
    dev: false

  /@stdlib/fs-read-file/0.0.8:
    resolution: {integrity: sha512-pIZID/G91+q7ep4x9ECNC45+JT2j0+jdz/ZQVjCHiEwXCwshZPEvxcPQWb9bXo6coOY+zJyX5TwBIpXBxomWFg==}
    engines: {node: '>=0.10.0', npm: '>2.7.0'}
    os: [aix, darwin, freebsd, linux, macos, openbsd, sunos, win32, windows]
    hasBin: true
    dependencies:
      '@stdlib/cli-ctor': 0.0.3
      '@stdlib/utils-define-nonenumerable-read-only-property': 0.0.7
    dev: false

  /@stdlib/process-read-stdin/0.0.7:
    resolution: {integrity: sha512-nep9QZ5iDGrRtrZM2+pYAvyCiYG4HfO0/9+19BiLJepjgYq4GKeumPAQo22+1xawYDL7Zu62uWzYszaVZcXuyw==}
    engines: {node: '>=0.10.0', npm: '>2.7.0'}
    os: [aix, darwin, freebsd, linux, macos, openbsd, sunos, win32, windows]
    dependencies:
      '@stdlib/assert-is-function': 0.0.8
      '@stdlib/assert-is-string': 0.0.8
      '@stdlib/buffer-ctor': 0.0.7
      '@stdlib/buffer-from-string': 0.0.8
      '@stdlib/streams-node-stdin': 0.0.7
      '@stdlib/utils-next-tick': 0.0.8
    dev: false

  /@stdlib/regexp-eol/0.0.7:
    resolution: {integrity: sha512-BTMpRWrmlnf1XCdTxOrb8o6caO2lmu/c80XSyhYCi1DoizVIZnqxOaN5yUJNCr50g28vQ47PpsT3Yo7J3SdlRA==}
    engines: {node: '>=0.10.0', npm: '>2.7.0'}
    os: [aix, darwin, freebsd, linux, macos, openbsd, sunos, win32, windows]
    dependencies:
      '@stdlib/assert-has-own-property': 0.0.7
      '@stdlib/assert-is-boolean': 0.0.8
      '@stdlib/assert-is-plain-object': 0.0.7
      '@stdlib/assert-is-string': 0.0.8
      '@stdlib/utils-define-nonenumerable-read-only-property': 0.0.7
    dev: false

  /@stdlib/regexp-function-name/0.0.7:
    resolution: {integrity: sha512-MaiyFUUqkAUpUoz/9F6AMBuMQQfA9ssQfK16PugehLQh4ZtOXV1LhdY8e5Md7SuYl9IrvFVg1gSAVDysrv5ZMg==}
    engines: {node: '>=0.10.0', npm: '>2.7.0'}
    os: [aix, darwin, freebsd, linux, macos, openbsd, sunos, win32, windows]
    dependencies:
      '@stdlib/utils-define-nonenumerable-read-only-property': 0.0.7
    dev: false

  /@stdlib/regexp-regexp/0.0.8:
    resolution: {integrity: sha512-S5PZICPd/XRcn1dncVojxIDzJsHtEleuJHHD7ji3o981uPHR7zI2Iy9a1eV2u7+ABeUswbI1Yuix6fXJfcwV1w==}
    engines: {node: '>=0.10.0', npm: '>2.7.0'}
    os: [aix, darwin, freebsd, linux, macos, openbsd, sunos, win32, windows]
    dependencies:
      '@stdlib/utils-define-nonenumerable-read-only-property': 0.0.7
    dev: false

  /@stdlib/streams-node-stdin/0.0.7:
    resolution: {integrity: sha512-gg4lgrjuoG3V/L29wNs32uADMCqepIcmoOFHJCTAhVe0GtHDLybUVnLljaPfdvmpPZmTvmusPQtIcscbyWvAyg==}
    engines: {node: '>=0.10.0', npm: '>2.7.0'}
    os: [aix, darwin, freebsd, linux, macos, openbsd, sunos, win32, windows]
    dev: false

  /@stdlib/string-base-format-interpolate/0.0.2:
    resolution: {integrity: sha512-6hu7QAwB7U0Pti06grQ0RPFQHGEhBlqhgUonthpnNRjNLA2ECCsMxtYJ7CpK0120FwVhSN533neFPXAFQOJqng==}
    engines: {node: '>=0.10.0', npm: '>2.7.0'}
    os: [aix, darwin, freebsd, linux, macos, openbsd, sunos, win32, windows]
    dev: false

  /@stdlib/string-base-format-tokenize/0.0.2:
    resolution: {integrity: sha512-KpQR1W8L2jBjfgPEN7FVcxhtukXi5njalqx/afEn097h91+h/r6P5KbXa3vK7MlbTO2aM9fCkn7mn8ofHy+cVg==}
    engines: {node: '>=0.10.0', npm: '>2.7.0'}
    os: [aix, darwin, freebsd, linux, macos, openbsd, sunos, win32, windows]
    dev: false

  /@stdlib/string-format/0.0.3:
    resolution: {integrity: sha512-1jiElUQXlI/tTkgRuzJi9jUz/EjrO9kzS8VWHD3g7gdc3ZpxlA5G9JrIiPXGw/qmZTi0H1pXl6KmX+xWQEQJAg==}
    engines: {node: '>=0.10.0', npm: '>2.7.0'}
    os: [aix, darwin, freebsd, linux, macos, openbsd, sunos, win32, windows]
    dependencies:
      '@stdlib/string-base-format-interpolate': 0.0.2
      '@stdlib/string-base-format-tokenize': 0.0.2
    dev: false

  /@stdlib/string-replace/0.0.11:
    resolution: {integrity: sha512-F0MY4f9mRE5MSKpAUfL4HLbJMCbG6iUTtHAWnNeAXIvUX1XYIw/eItkA58R9kNvnr1l5B08bavnjrgTJGIKFFQ==}
    engines: {node: '>=0.10.0', npm: '>2.7.0'}
    os: [aix, darwin, freebsd, linux, macos, openbsd, sunos, win32, windows]
    hasBin: true
    dependencies:
      '@stdlib/assert-is-function': 0.0.8
      '@stdlib/assert-is-regexp': 0.0.7
      '@stdlib/assert-is-regexp-string': 0.0.9
      '@stdlib/assert-is-string': 0.0.8
      '@stdlib/cli-ctor': 0.0.3
      '@stdlib/fs-read-file': 0.0.8
      '@stdlib/process-read-stdin': 0.0.7
      '@stdlib/regexp-eol': 0.0.7
      '@stdlib/streams-node-stdin': 0.0.7
      '@stdlib/string-format': 0.0.3
      '@stdlib/utils-escape-regexp-string': 0.0.9
      '@stdlib/utils-regexp-from-string': 0.0.9
    dev: false

  /@stdlib/types/0.0.14:
    resolution: {integrity: sha512-AP3EI9/il/xkwUazcoY+SbjtxHRrheXgSbWZdEGD+rWpEgj6n2i63hp6hTOpAB5NipE0tJwinQlDGOuQ1lCaCw==}
    engines: {node: '>=0.10.0', npm: '>2.7.0'}
    os: [aix, darwin, freebsd, linux, macos, openbsd, sunos, win32, windows]
    dev: false

  /@stdlib/utils-constructor-name/0.0.8:
    resolution: {integrity: sha512-GXpyNZwjN8u3tyYjL2GgGfrsxwvfogUC3gg7L7NRZ1i86B6xmgfnJUYHYOUnSfB+R531ET7NUZlK52GxL7P82Q==}
    engines: {node: '>=0.10.0', npm: '>2.7.0'}
    os: [aix, darwin, freebsd, linux, macos, openbsd, sunos, win32, windows]
    dependencies:
      '@stdlib/assert-is-buffer': 0.0.8
      '@stdlib/regexp-function-name': 0.0.7
      '@stdlib/utils-native-class': 0.0.8
    dev: false

  /@stdlib/utils-define-nonenumerable-read-only-property/0.0.7:
    resolution: {integrity: sha512-c7dnHDYuS4Xn3XBRWIQBPcROTtP/4lkcFyq0FrQzjXUjimfMgHF7cuFIIob6qUTnU8SOzY9p0ydRR2QJreWE6g==}
    engines: {node: '>=0.10.0', npm: '>2.7.0'}
    os: [aix, darwin, freebsd, linux, macos, openbsd, sunos, win32, windows]
    dependencies:
      '@stdlib/types': 0.0.14
      '@stdlib/utils-define-property': 0.0.9
    dev: false

  /@stdlib/utils-define-property/0.0.9:
    resolution: {integrity: sha512-pIzVvHJvVfU/Lt45WwUAcodlvSPDDSD4pIPc9WmIYi4vnEBA9U7yHtiNz2aTvfGmBMTaLYTVVFIXwkFp+QotMA==}
    engines: {node: '>=0.10.0', npm: '>2.7.0'}
    os: [aix, darwin, freebsd, linux, macos, openbsd, sunos, win32, windows]
    dependencies:
      '@stdlib/types': 0.0.14
    dev: false

  /@stdlib/utils-escape-regexp-string/0.0.9:
    resolution: {integrity: sha512-E+9+UDzf2mlMLgb+zYrrPy2FpzbXh189dzBJY6OG+XZqEJAXcjWs7DURO5oGffkG39EG5KXeaQwDXUavcMDCIw==}
    engines: {node: '>=0.10.0', npm: '>2.7.0'}
    os: [aix, darwin, freebsd, linux, macos, openbsd, sunos, win32, windows]
    dependencies:
      '@stdlib/assert-is-string': 0.0.8
      '@stdlib/string-format': 0.0.3
    dev: false

  /@stdlib/utils-get-prototype-of/0.0.7:
    resolution: {integrity: sha512-fCUk9lrBO2ELrq+/OPJws1/hquI4FtwG0SzVRH6UJmJfwb1zoEFnjcwyDAy+HWNVmo3xeRLsrz6XjHrJwer9pg==}
    engines: {node: '>=0.10.0', npm: '>2.7.0'}
    os: [aix, darwin, freebsd, linux, macos, openbsd, sunos, win32, windows]
    dependencies:
      '@stdlib/assert-is-function': 0.0.8
      '@stdlib/utils-native-class': 0.0.8
    dev: false

  /@stdlib/utils-global/0.0.7:
    resolution: {integrity: sha512-BBNYBdDUz1X8Lhfw9nnnXczMv9GztzGpQ88J/6hnY7PHJ71av5d41YlijWeM9dhvWjnH9I7HNE3LL7R07yw0kA==}
    engines: {node: '>=0.10.0', npm: '>2.7.0'}
    os: [aix, darwin, freebsd, linux, macos, openbsd, sunos, win32, windows]
    dependencies:
      '@stdlib/assert-is-boolean': 0.0.8
    dev: false

  /@stdlib/utils-native-class/0.0.8:
    resolution: {integrity: sha512-0Zl9me2V9rSrBw/N8o8/9XjmPUy8zEeoMM0sJmH3N6C9StDsYTjXIAMPGzYhMEWaWHvGeYyNteFK2yDOVGtC3w==}
    engines: {node: '>=0.10.0', npm: '>2.7.0'}
    os: [aix, darwin, freebsd, linux, macos, openbsd, sunos, win32, windows]
    dependencies:
      '@stdlib/assert-has-own-property': 0.0.7
      '@stdlib/assert-has-tostringtag-support': 0.0.9
    dev: false

  /@stdlib/utils-next-tick/0.0.8:
    resolution: {integrity: sha512-l+hPl7+CgLPxk/gcWOXRxX/lNyfqcFCqhzzV/ZMvFCYLY/wI9lcWO4xTQNMALY2rp+kiV+qiAiO9zcO+hewwUg==}
    engines: {node: '>=0.10.0', npm: '>2.7.0'}
    os: [aix, darwin, freebsd, linux, macos, openbsd, sunos, win32, windows]
    dev: false

  /@stdlib/utils-noop/0.0.13:
    resolution: {integrity: sha512-JRWHGWYWP5QK7SQ2cOYiL8NETw8P33LriZh1p9S2xC4e0rBoaY849h1A2IL2y1+x3s29KNjSaBWMrMUIV5HCSw==}
    engines: {node: '>=0.10.0', npm: '>2.7.0'}
    os: [aix, darwin, freebsd, linux, macos, openbsd, sunos, win32, windows]
    dev: false

  /@stdlib/utils-regexp-from-string/0.0.9:
    resolution: {integrity: sha512-3rN0Mcyiarl7V6dXRjFAUMacRwe0/sYX7ThKYurf0mZkMW9tjTP+ygak9xmL9AL0QQZtbrFFwWBrDO+38Vnavw==}
    engines: {node: '>=0.10.0', npm: '>2.7.0'}
    os: [aix, darwin, freebsd, linux, macos, openbsd, sunos, win32, windows]
    dependencies:
      '@stdlib/assert-is-string': 0.0.8
      '@stdlib/regexp-regexp': 0.0.8
      '@stdlib/string-format': 0.0.3
    dev: false

  /@stdlib/utils-type-of/0.0.8:
    resolution: {integrity: sha512-b4xqdy3AnnB7NdmBBpoiI67X4vIRxvirjg3a8BfhM5jPr2k0njby1jAbG9dUxJvgAV6o32S4kjUgfIdjEYpTNQ==}
    engines: {node: '>=0.10.0', npm: '>2.7.0'}
    os: [aix, darwin, freebsd, linux, macos, openbsd, sunos, win32, windows]
    dependencies:
      '@stdlib/utils-constructor-name': 0.0.8
      '@stdlib/utils-global': 0.0.7
    dev: false

  /@types/figlet/1.5.4:
    resolution: {integrity: sha512-cskPTju7glYgzvkJy/hftqw7Fen3fsd0yrPOqcbBLJu+YdDQuA438akS1g+2XVKGzsQOnXGV2I9ePv6xUBnKMQ==}
    dev: true

  /@types/fs-extra/9.0.13:
    resolution: {integrity: sha512-nEnwB++1u5lVDM2UI4c1+5R+FYaKfaAzS4OococimjVm3nQw3TuzH5UNsocrcTBbhnerblyHj4A49qXbIiZdpA==}
    dependencies:
      '@types/node': 16.11.47
    dev: true

  /@types/inquirer/9.0.0:
    resolution: {integrity: sha512-4sncHTq3AWbLWZOs83DQlrKxhdehs2AW79Dp1amoGGc6B+oJal7fQJa/EO1Taa5CQLSywEMAgw2SFB1fZIX3PQ==}
    dependencies:
      '@types/through': 0.0.30
      rxjs: 7.5.6
    dev: true

  /@types/node/16.11.47:
    resolution: {integrity: sha512-fpP+jk2zJ4VW66+wAMFoBJlx1bxmBKx4DUFf68UHgdGCOuyUTDlLWqsaNPJh7xhNDykyJ9eIzAygilP/4WoN8g==}
    dev: true

  /@types/parse-json/4.0.0:
    resolution: {integrity: sha512-//oorEZjL6sbPcKUaCdIGlIUeH26mgzimjBB77G6XRgnDl/L5wOnpyBGRe/Mmf5CVW3PwEBE1NjiMZ/ssFh4wA==}
    dev: false

  /@types/through/0.0.30:
    resolution: {integrity: sha512-FvnCJljyxhPM3gkRgWmxmDZyAQSiBQQWLI0A0VFL0K7W1oRUrPJSqNO0NvTnLkBcotdlp3lKvaT0JrnyRDkzOg==}
    dependencies:
      '@types/node': 16.11.47
    dev: true

  /ansi-colors/4.1.3:
    resolution: {integrity: sha512-/6w/C21Pm1A7aZitlI5Ni/2J6FFQN8i1Cvz3kHABAAbw93v/NlvKdVOqz7CCWz/3iv/JplRSEEZ83XION15ovw==}
    engines: {node: '>=6'}
    dev: false

  /ansi-escapes/5.0.0:
    resolution: {integrity: sha512-5GFMVX8HqE/TB+FuBJGuO5XG0WrsA6ptUqoODaT/n9mmUaZFkqnBueB4leqGBCmrUHnCnC4PCZTCd0E7QQ83bA==}
    engines: {node: '>=12'}
    dependencies:
      type-fest: 1.4.0
    dev: false

  /ansi-regex/6.0.1:
    resolution: {integrity: sha512-n5M855fKb2SsfMIiFFoVrABHJC8QtHwVx+mHWP3QcEqBHYienj5dHSgjbxtC0WEZXYt4wcD6zrQElDPhFuZgfA==}
    engines: {node: '>=12'}
    dev: false

  /ansi-styles/3.2.1:
    resolution: {integrity: sha512-VT0ZI6kZRdTh8YyJw3SMbYm/u+NqfsAxEpWO0Pf9sq8/e94WxxOpPKx9FR1FlyCtOVDNOQ+8ntlqFxiRc+r5qA==}
    engines: {node: '>=4'}
    dependencies:
      color-convert: 1.9.3
    dev: false

  /ansi-styles/4.3.0:
    resolution: {integrity: sha512-zbB9rCJAT1rbjiVDb2hqKFHNYLxgtk8NURxZ3IZwD3F6NtxbXZQCnnSi1Lkx+IDohdPlFp222wVALIheZJQSEg==}
    engines: {node: '>=8'}
    dependencies:
      color-convert: 2.0.1
    dev: false

  /ansi-styles/6.1.0:
    resolution: {integrity: sha512-VbqNsoz55SYGczauuup0MFUyXNQviSpFTj1RQtFzmQLk18qbVSpTFFGMT293rmDaQuKCT6InmbuEyUne4mTuxQ==}
    engines: {node: '>=12'}
    dev: false

  /base64-js/1.5.1:
    resolution: {integrity: sha512-AKpaYlHn8t4SVbOHCy+b5+KKgvR4vrsD8vbvrbiQJps7fKDTkjkDry6ji0rUJjC0kzbNePLwzxq8iypo41qeWA==}
    dev: false

  /bl/5.0.0:
    resolution: {integrity: sha512-8vxFNZ0pflFfi0WXA3WQXlj6CaMEwsmh63I1CNp0q+wWv8sD0ARx1KovSQd0l2GkwrMIOyedq0EF1FxI+RCZLQ==}
    dependencies:
      buffer: 6.0.3
      inherits: 2.0.4
      readable-stream: 3.6.0
    dev: false

  /buffer/6.0.3:
    resolution: {integrity: sha512-FTiCpNxtwiZZHEZbcbTIcZjERVICn9yq/pDFkTl95/AxzD1naBctN7YO68riM/gLSDY7sdrMby8hofADYuuqOA==}
    dependencies:
      base64-js: 1.5.1
      ieee754: 1.2.1
    dev: false

  /callsites/3.1.0:
    resolution: {integrity: sha512-P8BjAsXvZS+VIDUI11hHCQEv74YT67YUi5JJFNWIqL235sBmjX4+qx9Muvls5ivyNENctx46xQLQ3aTuE7ssaQ==}
    engines: {node: '>=6'}
    dev: false

  /chalk/2.4.2:
    resolution: {integrity: sha512-Mti+f9lpJNcwF4tWV8/OrTTtF1gZi+f8FqlyAdouralcFWFQWF2+NgCHShjkCb+IFBLq9buZwE1xckQU4peSuQ==}
    engines: {node: '>=4'}
    dependencies:
      ansi-styles: 3.2.1
      escape-string-regexp: 1.0.5
      supports-color: 5.5.0
    dev: false

  /chalk/4.1.2:
    resolution: {integrity: sha512-oKnbhFyRIXpUuez8iBMmyEa4nbj4IOQyuhc/wy9kY7/WVPcwIO9VA668Pu8RkO7+0G76SLROeyw9CpQ061i4mA==}
    engines: {node: '>=10'}
    dependencies:
      ansi-styles: 4.3.0
      supports-color: 7.2.0
    dev: false

  /chalk/5.0.1:
    resolution: {integrity: sha512-Fo07WOYGqMfCWHOzSXOt2CxDbC6skS/jO9ynEcmpANMoPrD+W1r1K6Vx7iNm+AQmETU1Xr2t+n8nzkV9t6xh3w==}
    engines: {node: ^12.17.0 || ^14.13 || >=16.0.0}
    dev: false

  /chardet/0.7.0:
    resolution: {integrity: sha512-mT8iDcrh03qDGRRmoA2hmBJnxpllMR+0/0qlzjqZES6NdiWDcZkCNAk4rPFZ9Q85r27unkiNNg8ZOiwZXBHwcA==}
    dev: false

  /cli-cursor/4.0.0:
    resolution: {integrity: sha512-VGtlMu3x/4DOtIUwEkRezxUZ2lBacNJCHash0N0WeZDBS+7Ux1dm3XWAgWYxLJFMMdOeXMHXorshEFhbMSGelg==}
    engines: {node: ^12.20.0 || ^14.13.1 || >=16.0.0}
    dependencies:
      restore-cursor: 4.0.0
    dev: false

  /cli-spinners/2.7.0:
    resolution: {integrity: sha512-qu3pN8Y3qHNgE2AFweciB1IfMnmZ/fsNTEE+NOFjmGB2F/7rLhnhzppvpCnN4FovtP26k8lHyy9ptEbNwWFLzw==}
    engines: {node: '>=6'}
    dev: false

  /cli-width/4.0.0:
    resolution: {integrity: sha512-ZksGS2xpa/bYkNzN3BAw1wEjsLV/ZKOf/CCrJ/QOBsxx6fOARIkwTutxp1XIOIohi6HKmOFjMoK/XaqDVUpEEw==}
    engines: {node: '>= 12'}
    dev: false

  /clone/1.0.4:
    resolution: {integrity: sha512-JQHZ2QMW6l3aH/j6xCqQThY/9OH4D/9ls34cgkUBiEeocRTU04tHfKPBsUK1PqZCUQM7GiA0IIXJSuXHI64Kbg==}
    engines: {node: '>=0.8'}
    dev: false

  /color-convert/1.9.3:
    resolution: {integrity: sha512-QfAUtd+vFdAtFQcC8CCyYt1fYWxSqAiK2cSD6zDB8N3cpsEBAvRxp9zOGg6G/SHHJYAT88/az/IuDGALsNVbGg==}
    dependencies:
      color-name: 1.1.3
    dev: false

  /color-convert/2.0.1:
    resolution: {integrity: sha512-RRECPsj7iu/xb5oKYcsFHSppFNnsj/52OVTRKb4zP5onXwVF3zVmmToNcOfGC+CRDpfK/U584fMg38ZHCaElKQ==}
    engines: {node: '>=7.0.0'}
    dependencies:
      color-name: 1.1.4
    dev: false

  /color-name/1.1.3:
    resolution: {integrity: sha512-72fSenhMw2HZMTVHeCA9KCmpEIbzWiQsjN+BHcBbS9vr1mtt+vJjPdksIBNUmKAW8TFUDPJK5SUU3QhE9NEXDw==}
    dev: false

  /color-name/1.1.4:
    resolution: {integrity: sha512-dOy+3AuW3a2wNbZHIuMZpTcgjGuLU/uBL/ubcZF9OXbDo8ff4O8yVp5Bf0efS8uEoYo5q4Fx7dY9OgQGXgAsQA==}
    dev: false

  /commander/9.4.0:
    resolution: {integrity: sha512-sRPT+umqkz90UA8M1yqYfnHlZA7fF6nSphDtxeywPZ49ysjxDQybzk13CL+mXekDRG92skbcqCLVovuCusNmFw==}
    engines: {node: ^12.20.0 || >=14}
    dev: false

  /configstore/6.0.0:
    resolution: {integrity: sha512-cD31W1v3GqUlQvbBCGcXmd2Nj9SvLDOP1oQ0YFuLETufzSPaKp11rYBsSOm7rCsW3OnIRAFM3OxRhceaXNYHkA==}
    engines: {node: '>=12'}
    dependencies:
      dot-prop: 6.0.1
      graceful-fs: 4.2.10
      unique-string: 3.0.0
      write-file-atomic: 3.0.3
      xdg-basedir: 5.1.0
    dev: false

  /cosmiconfig/7.0.1:
    resolution: {integrity: sha512-a1YWNUV2HwGimB7dU2s1wUMurNKjpx60HxBB6xUM8Re+2s1g1IIfJvFR0/iCF+XHdE0GMTKTuLR32UQff4TEyQ==}
    engines: {node: '>=10'}
    dependencies:
      '@types/parse-json': 4.0.0
      import-fresh: 3.3.0
      parse-json: 5.2.0
      path-type: 4.0.0
      yaml: 1.10.2
    dev: false

  /crypto-random-string/4.0.0:
    resolution: {integrity: sha512-x8dy3RnvYdlUcPOjkEHqozhiwzKNSq7GcPuXFbnyMOCHxX8V3OgIg/pYuabl2sbUPfIJaeAQB7PMOK8DFIdoRA==}
    engines: {node: '>=12'}
    dependencies:
      type-fest: 1.4.0
    dev: false

  /dayjs/1.11.4:
    resolution: {integrity: sha512-Zj/lPM5hOvQ1Bf7uAvewDaUcsJoI6JmNqmHhHl3nyumwe0XHwt8sWdOVAPACJzCebL8gQCi+K49w7iKWnGwX9g==}
    dev: false

  /defaults/1.0.3:
    resolution: {integrity: sha512-s82itHOnYrN0Ib8r+z7laQz3sdE+4FP3d9Q7VLO7U+KRT+CR0GsWuyHxzdAY82I7cXv0G/twrqomTJLOssO5HA==}
    dependencies:
      clone: 1.0.4
    dev: false

  /dot-prop/6.0.1:
    resolution: {integrity: sha512-tE7ztYzXHIeyvc7N+hR3oi7FIbf/NIjVP9hmAt3yMXzrQ072/fpjGLx2GxNxGxUl5V73MEqYzioOMoVhGMJ5cA==}
    engines: {node: '>=10'}
    dependencies:
      is-obj: 2.0.0
    dev: false

  /eastasianwidth/0.2.0:
    resolution: {integrity: sha512-I88TYZWc9XiYHRQ4/3c5rjjfgkjhLyW2luGIheGERbNQ6OY7yTybanSpDXZa8y7VUP9YmDcYa+eyq4ca7iLqWA==}
    dev: false

  /emoji-regex/9.2.2:
    resolution: {integrity: sha512-L18DaJsXSUk2+42pv8mLs5jJT2hqFkFE4j21wOmgbUqsZ2hL72NsUU785g9RXgo3s0ZNgVl42TiHp3ZtOv/Vyg==}
    dev: false

  /error-ex/1.3.2:
    resolution: {integrity: sha512-7dFHNmqeFSEt2ZBsCriorKnn3Z2pj+fd9kmI6QoWw4//DL+icEBfc0U7qJCisqrTsKTjw4fNFy2pW9OqStD84g==}
    dependencies:
      is-arrayish: 0.2.1
    dev: false

  /escape-string-regexp/1.0.5:
    resolution: {integrity: sha512-vbRorB5FUQWvla16U8R/qgaFIya2qGzwDrNmCZuYKrbdSUMG6I1ZCGQRefkRVhuOkIGVne7BQ35DSfo1qvJqFg==}
    engines: {node: '>=0.8.0'}
    dev: false

  /escape-string-regexp/5.0.0:
    resolution: {integrity: sha512-/veY75JbMK4j1yjvuUxuVsiS/hr/4iHs9FTT6cgTexxdE0Ly/glccBAkloH/DofkjRbZU3bnoj38mOmhkZ0lHw==}
    engines: {node: '>=12'}
    dev: false

  /external-editor/3.1.0:
    resolution: {integrity: sha512-hMQ4CX1p1izmuLYyZqLMO/qGNw10wSv9QDCPfzXfyFrOaCSSoRfqE1Kf1s5an66J5JZC62NewG+mK49jOCtQew==}
    engines: {node: '>=4'}
    dependencies:
      chardet: 0.7.0
      iconv-lite: 0.4.24
      tmp: 0.0.33
    dev: false

  /figlet/1.5.2:
    resolution: {integrity: sha512-WOn21V8AhyE1QqVfPIVxe3tupJacq1xGkPTB4iagT6o+P2cAgEOOwIxMftr4+ZCTI6d551ij9j61DFr0nsP2uQ==}
    engines: {node: '>= 0.4.0'}
    dev: false

  /figures/4.0.1:
    resolution: {integrity: sha512-rElJwkA/xS04Vfg+CaZodpso7VqBknOYbzi6I76hI4X80RUjkSxO2oAyPmGbuXUppywjqndOrQDl817hDnI++w==}
    engines: {node: '>=12'}
    dependencies:
      escape-string-regexp: 5.0.0
      is-unicode-supported: 1.2.0
    dev: false

  /fs-extra/10.1.0:
    resolution: {integrity: sha512-oRXApq54ETRj4eMiFzGnHWGy+zo5raudjuxN0b8H7s/RU2oW0Wvsx9O0ACRN/kRq9E8Vu/ReskGB5o3ji+FzHQ==}
    engines: {node: '>=12'}
    dependencies:
      graceful-fs: 4.2.10
      jsonfile: 6.1.0
      universalify: 2.0.0
    dev: false

  /graceful-fs/4.2.10:
    resolution: {integrity: sha512-9ByhssR2fPVsNZj478qUUbKfmL0+t5BDVyjShtyZZLiK7ZDAArFFfopyOTj0M05wE2tJPisA4iTnnXl2YoPvOA==}
    dev: false

  /has-flag/3.0.0:
    resolution: {integrity: sha512-sKJf1+ceQBr4SMkvQnBDNDtf4TXpVhVGateu0t918bl30FnbE2m4vNLX+VWe/dpjlb+HugGYzW7uQXH98HPEYw==}
    engines: {node: '>=4'}
    dev: false

  /has-flag/4.0.0:
    resolution: {integrity: sha512-EykJT/Q1KjTWctppgIAgfSO0tKVuZUjhgMr17kqTumMl6Afv3EISleU7qZUzoXDFTAHTDC4NOoG/ZxU3EvlMPQ==}
    engines: {node: '>=8'}
    dev: false

  /iconv-lite/0.4.24:
    resolution: {integrity: sha512-v3MXnZAcvnywkTUEZomIActle7RXXeedOR31wwl7VlyoXO4Qi9arvSenNQWne1TcRwhCL1HwLI21bEqdpj8/rA==}
    engines: {node: '>=0.10.0'}
    dependencies:
      safer-buffer: 2.1.2
    dev: false

  /ieee754/1.2.1:
    resolution: {integrity: sha512-dcyqhDvX1C46lXZcVqCpK+FtMRQVdIMN6/Df5js2zouUsqG7I6sFxitIC+7KYK29KdXOLHdu9zL4sFnoVQnqaA==}
    dev: false

  /import-fresh/3.3.0:
    resolution: {integrity: sha512-veYYhQa+D1QBKznvhUHxb8faxlrwUnxseDAbAp457E0wLNio2bOSKnjYDhMj+YiAq61xrMGhQk9iXVk5FzgQMw==}
    engines: {node: '>=6'}
    dependencies:
      parent-module: 1.0.1
      resolve-from: 4.0.0
    dev: false

  /imurmurhash/0.1.4:
    resolution: {integrity: sha512-JmXMZ6wuvDmLiHEml9ykzqO6lwFbof0GG4IkcGaENdCRDDmMVnny7s5HsIgHCbaq0w2MyPhDqkhTUgS2LU2PHA==}
    engines: {node: '>=0.8.19'}
    dev: false

  /inherits/2.0.4:
    resolution: {integrity: sha512-k/vGaX4/Yla3WzyMCvTQOXYeIHvqOKtnqBduzTHpzpQZzAskKMhZ2K+EnBiSM9zGSoIFeMpXKxa4dYeZIQqewQ==}
    dev: false

  /inquirer/9.1.0:
    resolution: {integrity: sha512-eukdjrBljg9t55ZnvJjvGi1OyYEzVBFsO/8o5d2MV3mc28u3x4X2kS4eJ/+9U10KiREfPkEBSeCrU/S2G/uRtw==}
    engines: {node: '>=12.0.0'}
    dependencies:
      ansi-escapes: 5.0.0
      chalk: 5.0.1
      cli-cursor: 4.0.0
      cli-width: 4.0.0
      external-editor: 3.1.0
      figures: 4.0.1
      lodash: 4.17.21
      mute-stream: 0.0.8
      ora: 6.1.2
      run-async: 2.4.1
      rxjs: 7.5.6
      string-width: 5.1.2
      strip-ansi: 7.0.1
      through: 2.3.8
      wrap-ansi: 8.0.1
    dev: false

  /is-arrayish/0.2.1:
    resolution: {integrity: sha512-zz06S8t0ozoDXMG+ube26zeCTNXcKIPJZJi8hBrF4idCLms4CG9QtK7qBl1boi5ODzFpjswb5JPmHCbMpjaYzg==}
    dev: false

  /is-interactive/2.0.0:
    resolution: {integrity: sha512-qP1vozQRI+BMOPcjFzrjXuQvdak2pHNUMZoeG2eRbiSqyvbEf/wQtEOTOX1guk6E3t36RkaqiSt8A/6YElNxLQ==}
    engines: {node: '>=12'}
    dev: false

  /is-obj/2.0.0:
    resolution: {integrity: sha512-drqDG3cbczxxEJRoOXcOjtdp1J/lyp1mNn0xaznRs8+muBhgQcrnbspox5X5fOw0HnMnbfDzvnEMEtqDEJEo8w==}
    engines: {node: '>=8'}
    dev: false

  /is-typedarray/1.0.0:
    resolution: {integrity: sha512-cyA56iCMHAh5CdzjJIa4aohJyeO1YbwLi3Jc35MmRU6poroFjIGZzUzupGiRPOjgHg9TLu43xbpwXk523fMxKA==}
    dev: false

  /is-unicode-supported/1.2.0:
    resolution: {integrity: sha512-wH+U77omcRzevfIG8dDhTS0V9zZyweakfD01FULl97+0EHiJTTZtJqxPSkIIo/SDPv/i07k/C9jAPY+jwLLeUQ==}
    engines: {node: '>=12'}
    dev: false

  /js-tokens/4.0.0:
    resolution: {integrity: sha512-RdJUflcE3cUzKiMqQgsCu06FPu9UdIJO0beYbPhHN4k6apgJtifcoCtT9bcxOpYBtpD2kCM6Sbzg4CausW/PKQ==}
    dev: false

  /json-parse-even-better-errors/2.3.1:
    resolution: {integrity: sha512-xyFwyhro/JEof6Ghe2iz2NcXoj2sloNsWr/XsERDK/oiPCfaNhl5ONfp+jQdAZRQQ0IJWNzH9zIZF7li91kh2w==}
    dev: false

  /jsonfile/6.1.0:
    resolution: {integrity: sha512-5dgndWOriYSm5cnYaJNhalLNDKOqFwyDB/rr1E9ZsGciGvKPs8R2xYGCacuf3z6K1YKDz182fd+fY3cn3pMqXQ==}
    dependencies:
      universalify: 2.0.0
    optionalDependencies:
      graceful-fs: 4.2.10
    dev: false

  /lines-and-columns/1.2.4:
    resolution: {integrity: sha512-7ylylesZQ/PV29jhEDl3Ufjo6ZX7gCqJr5F7PKrqc93v7fzSymt1BpwEU8nAUXs8qzzvqhbjhK5QZg6Mt/HkBg==}
    dev: false

  /lodash/4.17.21:
    resolution: {integrity: sha512-v2kDEe57lecTulaDIuNTPy3Ry4gLGJ6Z1O3vE1krgXZNrsQ+LFTGHVxVjcXPs17LhbZVGedAJv8XZ1tvj5FvSg==}
    dev: false

  /log-symbols/5.1.0:
    resolution: {integrity: sha512-l0x2DvrW294C9uDCoQe1VSU4gf529FkSZ6leBl4TiqZH/e+0R7hSfHQBNut2mNygDgHwvYHfFLn6Oxb3VWj2rA==}
    engines: {node: '>=12'}
    dependencies:
      chalk: 5.0.1
      is-unicode-supported: 1.2.0
    dev: false

  /mimic-fn/2.1.0:
    resolution: {integrity: sha512-OqbOk5oEQeAZ8WXWydlu9HJjz9WVdEIvamMCcXmuqUYjTknH/sqsWvhQ3vgwKFRR1HpjvNBKQ37nbJgYzGqGcg==}
    engines: {node: '>=6'}
    dev: false

  /minimist/1.2.6:
    resolution: {integrity: sha512-Jsjnk4bw3YJqYzbdyBiNsPWHPfO++UGG749Cxs6peCu5Xg4nrena6OVxOYxrQTqww0Jmwt+Ref8rggumkTLz9Q==}
    dev: false

  /mute-stream/0.0.8:
    resolution: {integrity: sha512-nnbWWOkoWyUsTjKrhgD0dcz22mdkSnpYqbEjIm2nhwhuxlSkpywJmBo8h0ZqJdkp73mb90SssHkN4rsRaBAfAA==}
    dev: false

  /onetime/5.1.2:
    resolution: {integrity: sha512-kbpaSSGJTWdAY5KPVeMOKXSrPtr8C8C7wodJbcsd51jRnmD+GZu8Y0VoU6Dm5Z4vWr0Ig/1NKuWRKf7j5aaYSg==}
    engines: {node: '>=6'}
    dependencies:
      mimic-fn: 2.1.0
    dev: false

  /ora/6.1.2:
    resolution: {integrity: sha512-EJQ3NiP5Xo94wJXIzAyOtSb0QEIAUu7m8t6UZ9krbz0vAJqr92JpcK/lEXg91q6B9pEGqrykkd2EQplnifDSBw==}
    engines: {node: ^12.20.0 || ^14.13.1 || >=16.0.0}
    dependencies:
      bl: 5.0.0
      chalk: 5.0.1
      cli-cursor: 4.0.0
      cli-spinners: 2.7.0
      is-interactive: 2.0.0
      is-unicode-supported: 1.2.0
      log-symbols: 5.1.0
      strip-ansi: 7.0.1
      wcwidth: 1.0.1
    dev: false

  /os-tmpdir/1.0.2:
    resolution: {integrity: sha512-D2FR03Vir7FIu45XBY20mTb+/ZSWB00sjU9jdQXt83gDrI4Ztz5Fs7/yy74g2N5SVQY4xY1qDr4rNddwYRVX0g==}
    engines: {node: '>=0.10.0'}
    dev: false

  /parent-module/1.0.1:
    resolution: {integrity: sha512-GQ2EWRpQV8/o+Aw8YqtfZZPfNRWZYkbidE9k5rpl/hC3vtHHBfGm2Ifi6qWV+coDGkrUKZAxE3Lot5kcsRlh+g==}
    engines: {node: '>=6'}
    dependencies:
      callsites: 3.1.0
    dev: false

  /parse-json/5.2.0:
    resolution: {integrity: sha512-ayCKvm/phCGxOkYRSCM82iDwct8/EonSEgCSxWxD7ve6jHggsFl4fZVQBPRNgQoKiuV/odhFrGzQXZwbifC8Rg==}
    engines: {node: '>=8'}
    dependencies:
      '@babel/code-frame': 7.18.6
      error-ex: 1.3.2
      json-parse-even-better-errors: 2.3.1
      lines-and-columns: 1.2.4
    dev: false

  /path-type/4.0.0:
    resolution: {integrity: sha512-gDKb8aZMDeD/tZWs9P6+q0J9Mwkdl6xMV8TjnGP3qJVJ06bdMgkbBlLU8IdfOsIsFz2BW1rNVT3XuNEl8zPAvw==}
    engines: {node: '>=8'}
    dev: false

  /prettier/2.7.1:
    resolution: {integrity: sha512-ujppO+MkdPqoVINuDFDRLClm7D78qbDt0/NR+wp5FqEZOoTNAjPHWj17QRhu7geIHJfcNhRk1XVQmF8Bp3ye+g==}
    engines: {node: '>=10.13.0'}
    hasBin: true
    dev: true

  /readable-stream/3.6.0:
    resolution: {integrity: sha512-BViHy7LKeTz4oNnkcLJ+lVSL6vpiFeX6/d3oSH8zCW7UxP2onchk+vTGB143xuFjHS3deTgkKoXXymXqymiIdA==}
    engines: {node: '>= 6'}
    dependencies:
      inherits: 2.0.4
      string_decoder: 1.3.0
      util-deprecate: 1.0.2
    dev: false

  /resolve-from/4.0.0:
    resolution: {integrity: sha512-pb/MYmXstAkysRFx8piNI1tGFNQIFA3vkE3Gq4EuA1dF6gHp/+vgZqsCGJapvy8N3Q+4o7FwvquPJcnZ7RYy4g==}
    engines: {node: '>=4'}
    dev: false

  /restore-cursor/4.0.0:
    resolution: {integrity: sha512-I9fPXU9geO9bHOt9pHHOhOkYerIMsmVaWB0rA2AI9ERh/+x/i7MV5HKBNrg+ljO5eoPVgCcnFuRjJ9uH6I/3eg==}
    engines: {node: ^12.20.0 || ^14.13.1 || >=16.0.0}
    dependencies:
      onetime: 5.1.2
      signal-exit: 3.0.7
    dev: false

  /run-async/2.4.1:
    resolution: {integrity: sha512-tvVnVv01b8c1RrA6Ep7JkStj85Guv/YrMcwqYQnwjsAS2cTmmPGBBjAjpCW7RrSodNSoE2/qg9O4bceNvUuDgQ==}
    engines: {node: '>=0.12.0'}
    dev: false

  /rxjs/7.5.6:
    resolution: {integrity: sha512-dnyv2/YsXhnm461G+R/Pe5bWP41Nm6LBXEYWI6eiFP4fiwx6WRI/CD0zbdVAudd9xwLEF2IDcKXLHit0FYjUzw==}
    dependencies:
      tslib: 2.4.0

  /safe-buffer/5.2.1:
    resolution: {integrity: sha512-rp3So07KcdmmKbGvgaNxQSJr7bGVSVk5S9Eq1F+ppbRo70+YeaDxkw5Dd8NPN+GD6bjnYm2VuPuCXmpuYvmCXQ==}
    dev: false

  /safer-buffer/2.1.2:
    resolution: {integrity: sha512-YZo3K82SD7Riyi0E1EQPojLz7kpepnSQI9IyPbHHg1XXXevb5dJI7tpyN2ADxGcQbHG7vcyRHk0cbwqcQriUtg==}
    dev: false

  /signal-exit/3.0.7:
    resolution: {integrity: sha512-wnD2ZE+l+SPC/uoS0vXeE9L1+0wuaMqKlfz9AMUo38JsyLSBWSFcHR1Rri62LZc12vLr1gb3jl7iwQhgwpAbGQ==}
    dev: false

  /string-width/5.1.2:
    resolution: {integrity: sha512-HnLOCR3vjcY8beoNLtcjZ5/nxn2afmME6lhrDrebokqMap+XbeW8n9TXpPDOqdGK5qcI3oT0GKTW6wC7EMiVqA==}
    engines: {node: '>=12'}
    dependencies:
      eastasianwidth: 0.2.0
      emoji-regex: 9.2.2
      strip-ansi: 7.0.1
    dev: false

  /string_decoder/1.3.0:
    resolution: {integrity: sha512-hkRX8U1WjJFd8LsDJ2yQ/wWWxaopEsABU1XfkM8A+j0+85JAGppt16cr1Whg6KIbb4okU6Mql6BOj+uup/wKeA==}
    dependencies:
      safe-buffer: 5.2.1
    dev: false

  /strip-ansi/7.0.1:
    resolution: {integrity: sha512-cXNxvT8dFNRVfhVME3JAe98mkXDYN2O1l7jmcwMnOslDeESg1rF/OZMtK0nRAhiari1unG5cD4jG3rapUAkLbw==}
    engines: {node: '>=12'}
    dependencies:
      ansi-regex: 6.0.1
    dev: false

  /supports-color/5.5.0:
    resolution: {integrity: sha512-QjVjwdXIt408MIiAqCX4oUKsgU2EqAGzs2Ppkm4aQYbjm+ZEWEcW4SfFNTr4uMNZma0ey4f5lgLrkB0aX0QMow==}
    engines: {node: '>=4'}
    dependencies:
      has-flag: 3.0.0
    dev: false

  /supports-color/7.2.0:
    resolution: {integrity: sha512-qpCAvRl9stuOHveKsn7HncJRvv501qIacKzQlO/+Lwxc9+0q2wLyv4Dfvt80/DPn2pqOBsJdDiogXGR9+OvwRw==}
    engines: {node: '>=8'}
    dependencies:
      has-flag: 4.0.0
    dev: false

  /through/2.3.8:
    resolution: {integrity: sha512-w89qg7PI8wAdvX60bMDP+bFoD5Dvhm9oLheFp5O4a2QF0cSBGsBX4qZmadPMvVqlLJBBci+WqGGOAPvcDeNSVg==}
    dev: false

  /tmp/0.0.33:
    resolution: {integrity: sha512-jRCJlojKnZ3addtTOjdIqoRuPEKBvNXcGYqzO6zWZX8KfKEpnGY5jfggJQ3EjKuu8D4bJRr0y+cYJFmYbImXGw==}
    engines: {node: '>=0.6.0'}
    dependencies:
      os-tmpdir: 1.0.2
    dev: false

  /tslib/2.4.0:
    resolution: {integrity: sha512-d6xOpEDfsi2CZVlPQzGeux8XMwLT9hssAsaPYExaQMuYskwb+x1x7J371tWlbBdWHroy99KnVB6qIkUbs5X3UQ==}

  /type-fest/1.4.0:
    resolution: {integrity: sha512-yGSza74xk0UG8k+pLh5oeoYirvIiWo5t0/o3zHHAO2tRDiZcxWP7fywNlXhqb6/r6sWvwi+RsyQMWhVLe4BVuA==}
    engines: {node: '>=10'}
    dev: false

  /typedarray-to-buffer/3.1.5:
    resolution: {integrity: sha512-zdu8XMNEDepKKR+XYOXAVPtWui0ly0NtohUscw+UmaHiAWT8hrV1rr//H6V+0DvJ3OQ19S979M0laLfX8rm82Q==}
    dependencies:
      is-typedarray: 1.0.0
    dev: false

  /typescript/4.7.4:
    resolution: {integrity: sha512-C0WQT0gezHuw6AdY1M2jxUO83Rjf0HP7Sk1DtXj6j1EwkQNZrHAg2XPWlq62oqEhYvONq5pkC2Y9oPljWToLmQ==}
    engines: {node: '>=4.2.0'}
    hasBin: true
    dev: true

  /unique-string/3.0.0:
    resolution: {integrity: sha512-VGXBUVwxKMBUznyffQweQABPRRW1vHZAbadFZud4pLFAqRGvv/96vafgjWFqzourzr8YonlQiPgH0YCJfawoGQ==}
    engines: {node: '>=12'}
    dependencies:
      crypto-random-string: 4.0.0
    dev: false

  /universalify/2.0.0:
    resolution: {integrity: sha512-hAZsKq7Yy11Zu1DE0OzWjw7nnLZmJZYTDZZyEFHZdUhV8FkH5MCfoU1XMaxXovpyW5nq5scPqq0ZDP9Zyl04oQ==}
    engines: {node: '>= 10.0.0'}
    dev: false

  /util-deprecate/1.0.2:
    resolution: {integrity: sha512-EPD5q1uXyFxJpCrLnCc1nHnq3gOa6DZBocAIiI2TaSCA7VCJ1UJDMagCzIkXNsUYfD1daK//LTEQ8xiIbrHtcw==}
    dev: false

  /wcwidth/1.0.1:
    resolution: {integrity: sha512-XHPEwS0q6TaxcvG85+8EYkbiCux2XtWG2mkc47Ng2A77BQu9+DqIOJldST4HgPkuea7dvKSj5VgX3P1d4rW8Tg==}
    dependencies:
      defaults: 1.0.3
    dev: false

  /wrap-ansi/8.0.1:
    resolution: {integrity: sha512-QFF+ufAqhoYHvoHdajT/Po7KoXVBPXS2bgjIam5isfWJPfIOnQZ50JtUiVvCv/sjgacf3yRrt2ZKUZ/V4itN4g==}
    engines: {node: '>=12'}
    dependencies:
      ansi-styles: 6.1.0
      string-width: 5.1.2
      strip-ansi: 7.0.1
    dev: false

  /write-file-atomic/3.0.3:
    resolution: {integrity: sha512-AvHcyZ5JnSfq3ioSyjrBkH9yW4m7Ayk8/9My/DD9onKeu/94fwrMocemO2QAJFAlnnDN+ZDS+ZjAR5ua1/PV/Q==}
    dependencies:
      imurmurhash: 0.1.4
      is-typedarray: 1.0.0
      signal-exit: 3.0.7
      typedarray-to-buffer: 3.1.5
    dev: false

  /xdg-basedir/5.1.0:
    resolution: {integrity: sha512-GCPAHLvrIH13+c0SuacwvRYj2SxJXQ4kaVTT5xgL3kPrz56XxkF21IGhjSE1+W0aw7gpBWRGXLCPnPby6lSpmQ==}
    engines: {node: '>=12'}
    dev: false

  /yaml/1.10.2:
    resolution: {integrity: sha512-r3vXyErRCYJ7wg28yvBY5VSoAF8ZvlcW9/BwUzEtUsjvX/DKs24dIkuwjtuprwJJHsbyUbLApepYTR1BN4uHrg==}
    engines: {node: '>= 6'}
    dev: false
